Microsoft Visual Studio Solution File, Format Version 12.00
# Visual Studio Version 17
VisualStudioVersion = 17.5.2.0
MinimumVisualStudioVersion = 10.0.40219.1
Project("{FAE04EC0-301F-11D3-BF4B-00C04F79EFBC}") = "cstut1", "cstut1.csproj", "{A9359583-A81F-D3D7-7671-BB7AB867FF55}"
EndProject
Global
	GlobalSection(SolutionConfigurationPlatforms) = preSolution
		Debug|Any CPU = Debug|Any CPU
		Release|Any CPU = Release|Any CPU
	EndGlobalSection
	GlobalSection(ProjectConfigurationPlatforms) = postSolution
		{A9359583-A81F-D3D7-7671-BB7AB867FF55}.Debug|Any CPU.ActiveCfg = Debug|Any CPU
		{A9359583-A81F-D3D7-7671-BB7AB867FF55}.Debug|Any CPU.Build.0 = Debug|Any CPU
		{A9359583-A81F-D3D7-7671-BB7AB867FF55}.Release|Any CPU.ActiveCfg = Release|Any CPU
		{A9359583-A81F-D3D7-7671-BB7AB867FF55}.Release|Any CPU.Build.0 = Release|Any CPU
	EndGlobalSection
	GlobalSection(SolutionProperties) = preSolution
		HideSolutionNode = FALSE
	EndGlobalSection
	GlobalSection(ExtensibilityGlobals) = postSolution
		SolutionGuid = {34396F0F-2F5C-4071-88EA-A5DFDC2A3906}
	EndGlobalSection
EndGlobal
